
Microsoft Visual Studio Solution File, Format Version 12.00
# Visual Studio Version 17
VisualStudioVersion = 17.6.33815.320
MinimumVisualStudioVersion = 10.0.40219.1
Project("{FAE04EC0-301F-11D3-BF4B-00C04F79EFBC}") = "BKGestionTareas", "BKGestionTareas\BKGestionTareas.csproj", "{FA32FD23-EF85-4056-A653-72F247C2AE52}"
EndProject
Global
	GlobalSection(SolutionConfigurationPlatforms) = preSolution
		Debug|Any CPU = Debug|Any CPU
		Release|Any CPU = Release|Any CPU
	EndGlobalSection
	GlobalSection(ProjectConfigurationPlatforms) = postSolution
		{FA32FD23-EF85-4056-A653-72F247C2AE52}.Debug|Any CPU.ActiveCfg = Debug|Any CPU
		{FA32FD23-EF85-4056-A653-72F247C2AE52}.Debug|Any CPU.Build.0 = Debug|Any CPU
		{FA32FD23-EF85-4056-A653-72F247C2AE52}.Release|Any CPU.ActiveCfg = Release|Any CPU
		{FA32FD23-EF85-4056-A653-72F247C2AE52}.Release|Any CPU.Build.0 = Release|Any CPU
	EndGlobalSection
	GlobalSection(SolutionProperties) = preSolution
		HideSolutionNode = FALSE
	EndGlobalSection
	GlobalSection(ExtensibilityGlobals) = postSolution
		SolutionGuid = {9D24A03A-6DF2-460D-9F41-B46A49A10E3C}
	EndGlobalSection
EndGlobal
